
Microsoft Visual Studio Solution File, Format Version 12.00
# Visual Studio Version 17
VisualStudioVersion = 17.8.34330.188
MinimumVisualStudioVersion = 15.0.26124.0
Project("{9A19103F-16F7-4668-BE54-9A1E7A4F7556}") = "CompanyName.MyMeetings.API", "API\CompanyName.MyMeetings.API\CompanyName.MyMeetings.API.csproj", "{49D08B64-AC8E-4607-820F-8A0B989CFD33}"
EndProject
Project("{2150E333-8FDC-42A3-9474-1A3956D46DE8}") = "BuildingBlocks", "BuildingBlocks", "{E91D4BE3-61FE-441C-A227-29850D414216}"
EndProject
Project("{2150E333-8FDC-42A3-9474-1A3956D46DE8}") = "Modules", "Modules", "{BCE1EE3C-ADB1-48CC-9FD1-C7324D886964}"
EndProject
Project("{2150E333-8FDC-42A3-9474-1A3956D46DE8}") = "Meetings", "Meetings", "{9CD43CAC-C149-41E1-9654-157D578143B7}"
EndProject
Project("{2150E333-8FDC-42A3-9474-1A3956D46DE8}") = "UserAccess", "UserAccess", "{AE6D0618-60E1-40B2-A46F-664A19C9503C}"
EndProject
Project("{2150E333-8FDC-42A3-9474-1A3956D46DE8}") = "API", "API", "{BC9DDFD1-FB81-4996-812A-68BEBCA33A97}"
EndProject
Project("{9A19103F-16F7-4668-BE54-9A1E7A4F7556}") = "CompanyName.MyMeetings.Modules.UserAccess.Application", "Modules\UserAccess\Application\CompanyName.MyMeetings.Modules.UserAccess.Application.csproj", "{F34C6504-590B-480A-A239-F230CDFF8CED}"
EndProject
Project("{9A19103F-16F7-4668-BE54-9A1E7A4F7556}") = "CompanyName.MyMeetings.Modules.Meetings.Application", "Modules\Meetings\Application\CompanyName.MyMeetings.Modules.Meetings.Application.csproj", "{5C2C1630-8A7A-451F-81A8-8547C939F5FD}"
EndProject
Project("{9A19103F-16F7-4668-BE54-9A1E7A4F7556}") = "CompanyName.MyMeetings.Modules.Meetings.Domain", "Modules\Meetings\Domain\CompanyName.MyMeetings.Modules.Meetings.Domain.csproj", "{F71CFDA8-0770-4761-896A-FB0098113F87}"
EndProject
Project("{9A19103F-16F7-4668-BE54-9A1E7A4F7556}") = "CompanyName.MyMeetings.Modules.Meetings.Infrastructure", "Modules\Meetings\Infrastructure\CompanyName.MyMeetings.Modules.Meetings.Infrastructure.csproj", "{93F3D023-37BD-4C5C-9442-DE2631CD4954}"
EndProject
Project("{9A19103F-16F7-4668-BE54-9A1E7A4F7556}") = "CompanyName.MyMeetings.BuildingBlocks.Domain", "BuildingBlocks\Domain\CompanyName.MyMeetings.BuildingBlocks.Domain.csproj", "{CA91F71E-8067-4E98-A4D4-E17F5880DE39}"
EndProject
Project("{9A19103F-16F7-4668-BE54-9A1E7A4F7556}") = "CompanyName.MyMeetings.BuildingBlocks.Infrastructure", "BuildingBlocks\Infrastructure\CompanyName.MyMeetings.BuildingBlocks.Infrastructure.csproj", "{2EEAFD26-A0A9-4F91-BEB7-B0F8ED85ACBA}"
EndProject
Project("{2150E333-8FDC-42A3-9474-1A3956D46DE8}") = "Administration", "Administration", "{5F398170-87FD-4368-9930-FAAAD2D9FDCC}"
EndProject
Project("{9A19103F-16F7-4668-BE54-9A1E7A4F7556}") = "CompanyName.MyMeetings.Modules.Administration.Domain", "Modules\Administration\Domain\CompanyName.MyMeetings.Modules.Administration.Domain.csproj", "{590517F8-686B-460A-97B3-0A09A8BA443C}"
EndProject
Project("{9A19103F-16F7-4668-BE54-9A1E7A4F7556}") = "CompanyName.MyMeetings.Modules.Administration.Application", "Modules\Administration\Application\CompanyName.MyMeetings.Modules.Administration.Application.csproj", "{6F039231-8745-4171-B5CA-8688E4683CFC}"
EndProject
Project("{9A19103F-16F7-4668-BE54-9A1E7A4F7556}") = "CompanyName.MyMeetings.Modules.Administration.Infrastructure", "Modules\Administration\Infrastructure\CompanyName.MyMeetings.Modules.Administration.Infrastructure.csproj", "{CD765A37-EB16-4E35-AA03-6E706D70E8A0}"
EndProject
Project("{9A19103F-16F7-4668-BE54-9A1E7A4F7556}") = "CompanyName.MyMeetings.Modules.Meetings.IntegrationEvents", "Modules\Meetings\IntegrationEvents\CompanyName.MyMeetings.Modules.Meetings.IntegrationEvents.csproj", "{3ED61776-83A0-426C-9B3A-3AB755DA01EF}"
EndProject
Project("{2150E333-8FDC-42A3-9474-1A3956D46DE8}") = "Database", "Database", "{C733D087-7051-4E35-BCDB-081252A108E5}"
EndProject
Project("{9A19103F-16F7-4668-BE54-9A1E7A4F7556}") = "CompanyName.MyMeetings.Modules.Administration.IntegrationEvents", "Modules\Administration\IntegrationEvents\CompanyName.MyMeetings.Modules.Administration.IntegrationEvents.csproj", "{396817BD-94A7-4559-A7F1-2FAB8009BCF8}"
EndProject
Project("{9A19103F-16F7-4668-BE54-9A1E7A4F7556}") = "CompanyName.MyMeetings.Modules.UserAccess.Infrastructure", "Modules\UserAccess\Infrastructure\CompanyName.MyMeetings.Modules.UserAccess.Infrastructure.csproj", "{55E1C531-2B9B-49B1-BDFE-9DE322E7FE00}"
EndProject
Project("{9A19103F-16F7-4668-BE54-9A1E7A4F7556}") = "CompanyName.MyMeetings.Modules.UserAccess.Domain", "Modules\UserAccess\Domain\CompanyName.MyMeetings.Modules.UserAccess.Domain.csproj", "{F364B0C4-1882-46A1-9B08-22587BEF05A2}"
EndProject
Project("{9A19103F-16F7-4668-BE54-9A1E7A4F7556}") = "CompanyName.MyMeetings.Modules.UserAccess.IntegrationEvents", "Modules\UserAccess\IntegrationEvents\CompanyName.MyMeetings.Modules.UserAccess.IntegrationEvents.csproj", "{0C31EA31-6A10-47D0-82E5-6D224E1CE532}"
EndProject
Project("{2150E333-8FDC-42A3-9474-1A3956D46DE8}") = "Payments", "Payments", "{13E4D721-2E96-497E-9657-503D09468F9F}"
EndProject
Project("{9A19103F-16F7-4668-BE54-9A1E7A4F7556}") = "CompanyName.MyMeetings.Modules.Payments.Application", "Modules\Payments\Application\CompanyName.MyMeetings.Modules.Payments.Application.csproj", "{6E013582-9E44-4D7E-8CFE-5F6FB6757B03}"
EndProject
Project("{9A19103F-16F7-4668-BE54-9A1E7A4F7556}") = "CompanyName.MyMeetings.Modules.Payments.Domain", "Modules\Payments\Domain\CompanyName.MyMeetings.Modules.Payments.Domain.csproj", "{C457929B-91BE-48CC-A714-217D9CABD3CC}"
EndProject
Project("{9A19103F-16F7-4668-BE54-9A1E7A4F7556}") = "CompanyName.MyMeetings.Modules.Payments.Infrastructure", "Modules\Payments\Infrastructure\CompanyName.MyMeetings.Modules.Payments.Infrastructure.csproj", "{1F4EAF3D-F5B8-473B-871F-606191D4AB9F}"
EndProject
Project("{9A19103F-16F7-4668-BE54-9A1E7A4F7556}") = "CompanyName.MyMeetings.Modules.Payments.IntegrationEvents", "Modules\Payments\IntegrationEvents\CompanyName.MyMeetings.Modules.Payments.IntegrationEvents.csproj", "{8DF88C85-594D-45D7-B12E-6B641D497853}"
EndProject
Project("{9A19103F-16F7-4668-BE54-9A1E7A4F7556}") = "CompanyName.MyMeetings.BuildingBlocks.Application", "BuildingBlocks\Application\CompanyName.MyMeetings.BuildingBlocks.Application.csproj", "{9EAA687B-951E-4D89-8857-99151FF1BCD7}"
EndProject
Project("{00D1A9C2-B5F0-4AF3-8072-F6C62B433612}") = "CompanyName.MyMeetings.Database", "Database\CompanyName.MyMeetings.Database\CompanyName.MyMeetings.Database.sqlproj", "{43DBBB02-CA43-42AD-BE21-04AC867BA168}"
EndProject
Project("{2150E333-8FDC-42A3-9474-1A3956D46DE8}") = "Tests", "Tests", "{0FF699EF-8156-43CB-8D18-8EA28F30E9EE}"
EndProject
Project("{9A19103F-16F7-4668-BE54-9A1E7A4F7556}") = "CompanyName.MyMeetings.Modules.UserAccess.Domain.UnitTests", "Modules\UserAccess\Tests\UnitTests\CompanyName.MyMeetings.Modules.UserAccess.Domain.UnitTests.csproj", "{0BC12804-A858-427B-88E2-F9CDE9E97986}"
EndProject
Project("{2150E333-8FDC-42A3-9474-1A3956D46DE8}") = "Tests", "Tests", "{53E4F002-E708-45F7-8444-19EB8977B5C9}"
EndProject
Project("{9A19103F-16F7-4668-BE54-9A1E7A4F7556}") = "CompanyName.MyMeetings.Modules.Payments.Domain.UnitTests", "Modules\Payments\Tests\UnitTests\CompanyName.MyMeetings.Modules.Payments.Domain.UnitTests.csproj", "{602768DD-F063-469D-9CD3-95CB02F6E441}"
EndProject
Project("{2150E333-8FDC-42A3-9474-1A3956D46DE8}") = "Tests", "Tests", "{F544D6DA-740A-4313-9542-D989666EA9DE}"
EndProject
Project("{9A19103F-16F7-4668-BE54-9A1E7A4F7556}") = "CompanyName.MyMeetings.Modules.Administration.Domain.UnitTests", "Modules\Administration\Tests\UnitTests\CompanyName.MyMeetings.Modules.Administration.Domain.UnitTests.csproj", "{AC73F391-BC1F-4B7F-AF49-BD87223E2BB0}"
EndProject
Project("{2150E333-8FDC-42A3-9474-1A3956D46DE8}") = "Tests", "Tests", "{237A249C-B589-49B8-9B84-CA504DE5D137}"
EndProject
Project("{9A19103F-16F7-4668-BE54-9A1E7A4F7556}") = "CompanyName.MyMeetings.Modules.Meetings.Domain.UnitTests", "Modules\Meetings\Tests\UnitTests\CompanyName.MyMeetings.Modules.Meetings.Domain.UnitTests.csproj", "{E13970C6-87EE-40B1-854A-3053C95BC4C9}"
EndProject
Project("{2150E333-8FDC-42A3-9474-1A3956D46DE8}") = "Tests", "Tests", "{8B08A9EE-CE27-4CC3-ACB3-3BD9628E5479}"
EndProject
Project("{9A19103F-16F7-4668-BE54-9A1E7A4F7556}") = "CompanyName.MyMeetings.ArchTests", "Tests\ArchTests\CompanyName.MyMeetings.ArchTests.csproj", "{88081DDB-2FBD-4F7D-830F-24F5F6B78294}"
EndProject
Project("{9A19103F-16F7-4668-BE54-9A1E7A4F7556}") = "CompanyName.MyMeetings.Modules.Administration.ArchTests", "Modules\Administration\Tests\ArchTests\CompanyName.MyMeetings.Modules.Administration.ArchTests.csproj", "{F2B164AC-99AC-4906-A133-85D6BB8432B4}"
EndProject
Project("{9A19103F-16F7-4668-BE54-9A1E7A4F7556}") = "CompanyName.MyMeetings.Modules.Meetings.ArchTests", "Modules\Meetings\Tests\ArchTests\CompanyName.MyMeetings.Modules.Meetings.ArchTests.csproj", "{475AF987-1458-447E-8504-4F1040B56A2C}"
EndProject
Project("{9A19103F-16F7-4668-BE54-9A1E7A4F7556}") = "CompanyName.MyMeetings.Modules.Payments.ArchTests", "Modules\Payments\Tests\ArchTests\CompanyName.MyMeetings.Modules.Payments.ArchTests.csproj", "{1885C71E-1624-4673-B0BC-BF4035CFFE72}"
EndProject
Project("{9A19103F-16F7-4668-BE54-9A1E7A4F7556}") = "CompanyName.MyMeetings.Modules.UserAccess.ArchTests", "Modules\UserAccess\Tests\ArchTests\CompanyName.MyMeetings.Modules.UserAccess.ArchTests.csproj", "{F8EE61DA-0E8B-4074-A0AF-433244EC1FB8}"
EndProject
Project("{9A19103F-16F7-4668-BE54-9A1E7A4F7556}") = "CompanyNames.MyMeetings.Modules.UserAccess.IntegrationTests", "Modules\UserAccess\Tests\IntegrationTests\CompanyNames.MyMeetings.Modules.UserAccess.IntegrationTests.csproj", "{396A6C3F-74BA-4D85-8BF3-1182F9DE9D95}"
EndProject
Project("{9A19103F-16F7-4668-BE54-9A1E7A4F7556}") = "CompanyName.MyMeetings.Modules.Payments.IntegrationTests", "Modules\Payments\Tests\IntegrationTests\CompanyName.MyMeetings.Modules.Payments.IntegrationTests.csproj", "{B448FDC3-5F85-47EE-9F4A-2654E8CC67E1}"
EndProject
Project("{9A19103F-16F7-4668-BE54-9A1E7A4F7556}") = "CompanyName.MyMeetings.Modules.Administration.IntegrationTests", "Modules\Administration\Tests\IntegrationTests\CompanyName.MyMeetings.Modules.Administration.IntegrationTests.csproj", "{3D7FDF4A-6B8B-49CA-8E28-5B292DC0954F}"
EndProject
Project("{9A19103F-16F7-4668-BE54-9A1E7A4F7556}") = "CompanyName.MyMeetings.IntegrationTests", "Tests\IntegrationTests\CompanyName.MyMeetings.IntegrationTests.csproj", "{586DB9FA-CBBF-4867-A57D-E2359925D09A}"
EndProject
Project("{9A19103F-16F7-4668-BE54-9A1E7A4F7556}") = "CompanyName.MyMeetings.Modules.Meetings.IntegrationTests", "Modules\Meetings\Tests\IntegrationTests\CompanyName.MyMeetings.Modules.Meetings.IntegrationTests.csproj", "{785E93F2-3415-4215-BD85-1CED429CF260}"
EndProject
Project("{2150E333-8FDC-42A3-9474-1A3956D46DE8}") = "Tests", "Tests", "{B1D398A1-7005-4792-8D7F-CD9E5F3C29B7}"
EndProject
Project("{9A19103F-16F7-4668-BE54-9A1E7A4F7556}") = "CompanyName.MyMeetings.BuildingBlocks.Application.UnitTests", "BuildingBlocks\Tests\Application.UnitTests\CompanyName.MyMeetings.BuildingBlocks.Application.UnitTests.csproj", "{32915CF6-62D9-4121-8650-6279D5154B4B}"
EndProject
Project("{9A19103F-16F7-4668-BE54-9A1E7A4F7556}") = "CompanyName.MyMeetings.BuildingBlocks.IntegrationTests", "BuildingBlocks\Tests\IntegrationTests\CompanyName.MyMeetings.BuildingBlocks.IntegrationTests.csproj", "{8CCB9013-92CE-4A26-B649-0997F5444161}"
EndProject
Project("{2150E333-8FDC-42A3-9474-1A3956D46DE8}") = "CI", "CI", "{63502820-A1A1-442D-A30E-4F43E722D1B0}"
	ProjectSection(SolutionItems) = preProject
		..\.github\workflows\buildPipeline.yml = ..\.github\workflows\buildPipeline.yml
	EndProjectSection
EndProject
Project("{2150E333-8FDC-42A3-9474-1A3956D46DE8}") = "_Solution Items", "_Solution Items", "{8172C84D-A01E-4B56-8A41-498E5DB9E395}"
	ProjectSection(SolutionItems) = preProject
		.editorconfig = .editorconfig
		Directory.Build.props = Directory.Build.props
		Directory.Build.targets = Directory.Build.targets
		Directory.Packages.props = Directory.Packages.props
		global.json = global.json
		..\README.md = ..\README.md
		stylecop.json = stylecop.json
	EndProjectSection
EndProject
Project("{9A19103F-16F7-4668-BE54-9A1E7A4F7556}") = "DatabaseMigrator", "Database\DatabaseMigrator\DatabaseMigrator.csproj", "{9189FC86-116F-49D4-900E-DEC434136C6D}"
EndProject
Project("{9A19103F-16F7-4668-BE54-9A1E7A4F7556}") = "_build", "..\build\_build.csproj", "{866A329C-E942-46D1-AF37-BB617F7F4AC2}"
EndProject
Project("{9A19103F-16F7-4668-BE54-9A1E7A4F7556}") = "CompanyName.MyMeetings.Database.Build", "Database\CompanyName.MyMeetings.Database.Build\CompanyName.MyMeetings.Database.Build.csproj", "{165E76B9-DB0C-49B7-B3DC-52DFBEA55A79}"
EndProject
Project("{2150E333-8FDC-42A3-9474-1A3956D46DE8}") = "RequestExamples", "RequestExamples", "{00B904C6-D29A-4F26-B7AD-116C701DB73F}"
	ProjectSection(SolutionItems) = preProject
		API\RequestExamples\Authentication.http = API\RequestExamples\Authentication.http
		API\RequestExamples\http-client.env.json = API\RequestExamples\http-client.env.json
		API\RequestExamples\Users.http = API\RequestExamples\Users.http
	EndProjectSection
EndProject
Project("{9A19103F-16F7-4668-BE54-9A1E7A4F7556}") = "CompanyName.MyMeetings.SUT", "Tests\SUT\CompanyName.MyMeetings.SUT.csproj", "{1853847F-9988-43A1-B3E1-DDBE4B2F3365}"
EndProject
Project("{2150E333-8FDC-42A3-9474-1A3956D46DE8}") = "Registrations", "Registrations", "{8F0598A5-2F0C-4FA6-82F6-938F1830ADB7}"
EndProject
Project("{FAE04EC0-301F-11D3-BF4B-00C04F79EFBC}") = "CompanyName.MyMeetings.Modules.Registrations.Application", "Modules\Registrations\Application\CompanyName.MyMeetings.Modules.Registrations.Application.csproj", "{3D5E4893-E48A-4553-B036-724A8F809656}"
EndProject
Project("{FAE04EC0-301F-11D3-BF4B-00C04F79EFBC}") = "CompanyName.MyMeetings.Modules.Registrations.Domain", "Modules\Registrations\Domain\CompanyName.MyMeetings.Modules.Registrations.Domain.csproj", "{98CE491C-8A52-4FC9-87BD-36FE63CB37E6}"
EndProject
Project("{FAE04EC0-301F-11D3-BF4B-00C04F79EFBC}") = "CompanyName.MyMeetings.Modules.Registrations.Infrastructure", "Modules\Registrations\Infrastructure\CompanyName.MyMeetings.Modules.Registrations.Infrastructure.csproj", "{5F24D649-5684-458E-8C67-CCEC85E271A0}"
EndProject
Project("{2150E333-8FDC-42A3-9474-1A3956D46DE8}") = "Tests", "Tests", "{646E463D-F0E2-4BA4-9B5E-434ABE26EC07}"
EndProject
Project("{FAE04EC0-301F-11D3-BF4B-00C04F79EFBC}") = "CompanyName.MyMeetings.Modules.Registrations.ArchTests", "Modules\Registrations\Tests\ArchTests\CompanyName.MyMeetings.Modules.Registrations.ArchTests.csproj", "{96639493-5D2D-4F61-B399-600673D6912D}"
EndProject
Project("{FAE04EC0-301F-11D3-BF4B-00C04F79EFBC}") = "CompanyNames.MyMeetings.Modules.Registrations.IntegrationTests", "Modules\Registrations\Tests\IntegrationTests\CompanyNames.MyMeetings.Modules.Registrations.IntegrationTests.csproj", "{9AB969B5-4215-4ACF-8D48-EC0A6F35BC46}"
EndProject
Project("{FAE04EC0-301F-11D3-BF4B-00C04F79EFBC}") = "CompanyName.MyMeetings.Modules.Registrations.Domain.UnitTests", "Modules\Registrations\Tests\UnitTests\CompanyName.MyMeetings.Modules.Registrations.Domain.UnitTests.csproj", "{0535D1F2-FA8B-4093-9987-7533F8D07605}"
EndProject
Project("{FAE04EC0-301F-11D3-BF4B-00C04F79EFBC}") = "CompanyName.MyMeetings.Modules.Registrations.IntegrationEvents", "Modules\Registrations\IntegrationEvents\CompanyName.MyMeetings.Modules.Registrations.IntegrationEvents.csproj", "{2E71D2B2-516D-4B0D-8DE6-B9F3105B9C95}"
EndProject
Global
	GlobalSection(SolutionConfigurationPlatforms) = preSolution
		Debug|Any CPU = Debug|Any CPU
		Production|Any CPU = Production|Any CPU
		Release|Any CPU = Release|Any CPU
	EndGlobalSection
	GlobalSection(ProjectConfigurationPlatforms) = postSolution
		{49D08B64-AC8E-4607-820F-8A0B989CFD33}.Debug|Any CPU.ActiveCfg = Debug|Any CPU
		{49D08B64-AC8E-4607-820F-8A0B989CFD33}.Debug|Any CPU.Build.0 = Debug|Any CPU
		{49D08B64-AC8E-4607-820F-8A0B989CFD33}.Production|Any CPU.ActiveCfg = Production|Any CPU
		{49D08B64-AC8E-4607-820F-8A0B989CFD33}.Production|Any CPU.Build.0 = Production|Any CPU
		{49D08B64-AC8E-4607-820F-8A0B989CFD33}.Release|Any CPU.ActiveCfg = Release|Any CPU
		{49D08B64-AC8E-4607-820F-8A0B989CFD33}.Release|Any CPU.Build.0 = Release|Any CPU
		{F34C6504-590B-480A-A239-F230CDFF8CED}.Debug|Any CPU.ActiveCfg = Debug|Any CPU
		{F34C6504-590B-480A-A239-F230CDFF8CED}.Debug|Any CPU.Build.0 = Debug|Any CPU
		{F34C6504-590B-480A-A239-F230CDFF8CED}.Production|Any CPU.ActiveCfg = Production|Any CPU
		{F34C6504-590B-480A-A239-F230CDFF8CED}.Production|Any CPU.Build.0 = Production|Any CPU
		{F34C6504-590B-480A-A239-F230CDFF8CED}.Release|Any CPU.ActiveCfg = Release|Any CPU
		{F34C6504-590B-480A-A239-F230CDFF8CED}.Release|Any CPU.Build.0 = Release|Any CPU
		{5C2C1630-8A7A-451F-81A8-8547C939F5FD}.Debug|Any CPU.ActiveCfg = Debug|Any CPU
		{5C2C1630-8A7A-451F-81A8-8547C939F5FD}.Debug|Any CPU.Build.0 = Debug|Any CPU
		{5C2C1630-8A7A-451F-81A8-8547C939F5FD}.Production|Any CPU.ActiveCfg = Production|Any CPU
		{5C2C1630-8A7A-451F-81A8-8547C939F5FD}.Production|Any CPU.Build.0 = Production|Any CPU
		{5C2C1630-8A7A-451F-81A8-8547C939F5FD}.Release|Any CPU.ActiveCfg = Release|Any CPU
		{5C2C1630-8A7A-451F-81A8-8547C939F5FD}.Release|Any CPU.Build.0 = Release|Any CPU
		{F71CFDA8-0770-4761-896A-FB0098113F87}.Debug|Any CPU.ActiveCfg = Debug|Any CPU
		{F71CFDA8-0770-4761-896A-FB0098113F87}.Debug|Any CPU.Build.0 = Debug|Any CPU
		{F71CFDA8-0770-4761-896A-FB0098113F87}.Production|Any CPU.ActiveCfg = Production|Any CPU
		{F71CFDA8-0770-4761-896A-FB0098113F87}.Production|Any CPU.Build.0 = Production|Any CPU
		{F71CFDA8-0770-4761-896A-FB0098113F87}.Release|Any CPU.ActiveCfg = Release|Any CPU
		{F71CFDA8-0770-4761-896A-FB0098113F87}.Release|Any CPU.Build.0 = Release|Any CPU
		{93F3D023-37BD-4C5C-9442-DE2631CD4954}.Debug|Any CPU.ActiveCfg = Debug|Any CPU
		{93F3D023-37BD-4C5C-9442-DE2631CD4954}.Debug|Any CPU.Build.0 = Debug|Any CPU
		{93F3D023-37BD-4C5C-9442-DE2631CD4954}.Production|Any CPU.ActiveCfg = Production|Any CPU
		{93F3D023-37BD-4C5C-9442-DE2631CD4954}.Production|Any CPU.Build.0 = Production|Any CPU
		{93F3D023-37BD-4C5C-9442-DE2631CD4954}.Release|Any CPU.ActiveCfg = Release|Any CPU
		{93F3D023-37BD-4C5C-9442-DE2631CD4954}.Release|Any CPU.Build.0 = Release|Any CPU
		{CA91F71E-8067-4E98-A4D4-E17F5880DE39}.Debug|Any CPU.ActiveCfg = Debug|Any CPU
		{CA91F71E-8067-4E98-A4D4-E17F5880DE39}.Debug|Any CPU.Build.0 = Debug|Any CPU
		{CA91F71E-8067-4E98-A4D4-E17F5880DE39}.Production|Any CPU.ActiveCfg = Production|Any CPU
		{CA91F71E-8067-4E98-A4D4-E17F5880DE39}.Production|Any CPU.Build.0 = Production|Any CPU
		{CA91F71E-8067-4E98-A4D4-E17F5880DE39}.Release|Any CPU.ActiveCfg = Release|Any CPU
		{CA91F71E-8067-4E98-A4D4-E17F5880DE39}.Release|Any CPU.Build.0 = Release|Any CPU
		{2EEAFD26-A0A9-4F91-BEB7-B0F8ED85ACBA}.Debug|Any CPU.ActiveCfg = Debug|Any CPU
		{2EEAFD26-A0A9-4F91-BEB7-B0F8ED85ACBA}.Debug|Any CPU.Build.0 = Debug|Any CPU
		{2EEAFD26-A0A9-4F91-BEB7-B0F8ED85ACBA}.Production|Any CPU.ActiveCfg = Production|Any CPU
		{2EEAFD26-A0A9-4F91-BEB7-B0F8ED85ACBA}.Production|Any CPU.Build.0 = Production|Any CPU
		{2EEAFD26-A0A9-4F91-BEB7-B0F8ED85ACBA}.Release|Any CPU.ActiveCfg = Release|Any CPU
		{2EEAFD26-A0A9-4F91-BEB7-B0F8ED85ACBA}.Release|Any CPU.Build.0 = Release|Any CPU
		{590517F8-686B-460A-97B3-0A09A8BA443C}.Debug|Any CPU.ActiveCfg = Debug|Any CPU
		{590517F8-686B-460A-97B3-0A09A8BA443C}.Debug|Any CPU.Build.0 = Debug|Any CPU
		{590517F8-686B-460A-97B3-0A09A8BA443C}.Production|Any CPU.ActiveCfg = Production|Any CPU
		{590517F8-686B-460A-97B3-0A09A8BA443C}.Production|Any CPU.Build.0 = Production|Any CPU
		{590517F8-686B-460A-97B3-0A09A8BA443C}.Release|Any CPU.ActiveCfg = Release|Any CPU
		{590517F8-686B-460A-97B3-0A09A8BA443C}.Release|Any CPU.Build.0 = Release|Any CPU
		{6F039231-8745-4171-B5CA-8688E4683CFC}.Debug|Any CPU.ActiveCfg = Debug|Any CPU
		{6F039231-8745-4171-B5CA-8688E4683CFC}.Debug|Any CPU.Build.0 = Debug|Any CPU
		{6F039231-8745-4171-B5CA-8688E4683CFC}.Production|Any CPU.ActiveCfg = Production|Any CPU
		{6F039231-8745-4171-B5CA-8688E4683CFC}.Production|Any CPU.Build.0 = Production|Any CPU
		{6F039231-8745-4171-B5CA-8688E4683CFC}.Release|Any CPU.ActiveCfg = Release|Any CPU
		{6F039231-8745-4171-B5CA-8688E4683CFC}.Release|Any CPU.Build.0 = Release|Any CPU
		{CD765A37-EB16-4E35-AA03-6E706D70E8A0}.Debug|Any CPU.ActiveCfg = Debug|Any CPU
		{CD765A37-EB16-4E35-AA03-6E706D70E8A0}.Debug|Any CPU.Build.0 = Debug|Any CPU
		{CD765A37-EB16-4E35-AA03-6E706D70E8A0}.Production|Any CPU.ActiveCfg = Production|Any CPU
		{CD765A37-EB16-4E35-AA03-6E706D70E8A0}.Production|Any CPU.Build.0 = Production|Any CPU
		{CD765A37-EB16-4E35-AA03-6E706D70E8A0}.Release|Any CPU.ActiveCfg = Release|Any CPU
		{CD765A37-EB16-4E35-AA03-6E706D70E8A0}.Release|Any CPU.Build.0 = Release|Any CPU
		{3ED61776-83A0-426C-9B3A-3AB755DA01EF}.Debug|Any CPU.ActiveCfg = Debug|Any CPU
		{3ED61776-83A0-426C-9B3A-3AB755DA01EF}.Debug|Any CPU.Build.0 = Debug|Any CPU
		{3ED61776-83A0-426C-9B3A-3AB755DA01EF}.Production|Any CPU.ActiveCfg = Production|Any CPU
		{3ED61776-83A0-426C-9B3A-3AB755DA01EF}.Production|Any CPU.Build.0 = Production|Any CPU
		{3ED61776-83A0-426C-9B3A-3AB755DA01EF}.Release|Any CPU.ActiveCfg = Release|Any CPU
		{3ED61776-83A0-426C-9B3A-3AB755DA01EF}.Release|Any CPU.Build.0 = Release|Any CPU
		{396817BD-94A7-4559-A7F1-2FAB8009BCF8}.Debug|Any CPU.ActiveCfg = Debug|Any CPU
		{396817BD-94A7-4559-A7F1-2FAB8009BCF8}.Debug|Any CPU.Build.0 = Debug|Any CPU
		{396817BD-94A7-4559-A7F1-2FAB8009BCF8}.Production|Any CPU.ActiveCfg = Production|Any CPU
		{396817BD-94A7-4559-A7F1-2FAB8009BCF8}.Production|Any CPU.Build.0 = Production|Any CPU
		{396817BD-94A7-4559-A7F1-2FAB8009BCF8}.Release|Any CPU.ActiveCfg = Release|Any CPU
		{396817BD-94A7-4559-A7F1-2FAB8009BCF8}.Release|Any CPU.Build.0 = Release|Any CPU
		{55E1C531-2B9B-49B1-BDFE-9DE322E7FE00}.Debug|Any CPU.ActiveCfg = Debug|Any CPU
		{55E1C531-2B9B-49B1-BDFE-9DE322E7FE00}.Debug|Any CPU.Build.0 = Debug|Any CPU
		{55E1C531-2B9B-49B1-BDFE-9DE322E7FE00}.Production|Any CPU.ActiveCfg = Production|Any CPU
		{55E1C531-2B9B-49B1-BDFE-9DE322E7FE00}.Production|Any CPU.Build.0 = Production|Any CPU
		{55E1C531-2B9B-49B1-BDFE-9DE322E7FE00}.Release|Any CPU.ActiveCfg = Release|Any CPU
		{55E1C531-2B9B-49B1-BDFE-9DE322E7FE00}.Release|Any CPU.Build.0 = Release|Any CPU
		{F364B0C4-1882-46A1-9B08-22587BEF05A2}.Debug|Any CPU.ActiveCfg = Debug|Any CPU
		{F364B0C4-1882-46A1-9B08-22587BEF05A2}.Debug|Any CPU.Build.0 = Debug|Any CPU
		{F364B0C4-1882-46A1-9B08-22587BEF05A2}.Production|Any CPU.ActiveCfg = Production|Any CPU
		{F364B0C4-1882-46A1-9B08-22587BEF05A2}.Production|Any CPU.Build.0 = Production|Any CPU
		{F364B0C4-1882-46A1-9B08-22587BEF05A2}.Release|Any CPU.ActiveCfg = Release|Any CPU
		{F364B0C4-1882-46A1-9B08-22587BEF05A2}.Release|Any CPU.Build.0 = Release|Any CPU
		{0C31EA31-6A10-47D0-82E5-6D224E1CE532}.Debug|Any CPU.ActiveCfg = Debug|Any CPU
		{0C31EA31-6A10-47D0-82E5-6D224E1CE532}.Debug|Any CPU.Build.0 = Debug|Any CPU
		{0C31EA31-6A10-47D0-82E5-6D224E1CE532}.Production|Any CPU.ActiveCfg = Production|Any CPU
		{0C31EA31-6A10-47D0-82E5-6D224E1CE532}.Production|Any CPU.Build.0 = Production|Any CPU
		{0C31EA31-6A10-47D0-82E5-6D224E1CE532}.Release|Any CPU.ActiveCfg = Release|Any CPU
		{0C31EA31-6A10-47D0-82E5-6D224E1CE532}.Release|Any CPU.Build.0 = Release|Any CPU
		{6E013582-9E44-4D7E-8CFE-5F6FB6757B03}.Debug|Any CPU.ActiveCfg = Debug|Any CPU
		{6E013582-9E44-4D7E-8CFE-5F6FB6757B03}.Debug|Any CPU.Build.0 = Debug|Any CPU
		{6E013582-9E44-4D7E-8CFE-5F6FB6757B03}.Production|Any CPU.ActiveCfg = Production|Any CPU
		{6E013582-9E44-4D7E-8CFE-5F6FB6757B03}.Production|Any CPU.Build.0 = Production|Any CPU
		{6E013582-9E44-4D7E-8CFE-5F6FB6757B03}.Release|Any CPU.ActiveCfg = Release|Any CPU
		{6E013582-9E44-4D7E-8CFE-5F6FB6757B03}.Release|Any CPU.Build.0 = Release|Any CPU
		{C457929B-91BE-48CC-A714-217D9CABD3CC}.Debug|Any CPU.ActiveCfg = Debug|Any CPU
		{C457929B-91BE-48CC-A714-217D9CABD3CC}.Debug|Any CPU.Build.0 = Debug|Any CPU
		{C457929B-91BE-48CC-A714-217D9CABD3CC}.Production|Any CPU.ActiveCfg = Production|Any CPU
		{C457929B-91BE-48CC-A714-217D9CABD3CC}.Production|Any CPU.Build.0 = Production|Any CPU
		{C457929B-91BE-48CC-A714-217D9CABD3CC}.Release|Any CPU.ActiveCfg = Release|Any CPU
		{C457929B-91BE-48CC-A714-217D9CABD3CC}.Release|Any CPU.Build.0 = Release|Any CPU
		{1F4EAF3D-F5B8-473B-871F-606191D4AB9F}.Debug|Any CPU.ActiveCfg = Debug|Any CPU
		{1F4EAF3D-F5B8-473B-871F-606191D4AB9F}.Debug|Any CPU.Build.0 = Debug|Any CPU
		{1F4EAF3D-F5B8-473B-871F-606191D4AB9F}.Production|Any CPU.ActiveCfg = Production|Any CPU
		{1F4EAF3D-F5B8-473B-871F-606191D4AB9F}.Production|Any CPU.Build.0 = Production|Any CPU
		{1F4EAF3D-F5B8-473B-871F-606191D4AB9F}.Release|Any CPU.ActiveCfg = Release|Any CPU
		{1F4EAF3D-F5B8-473B-871F-606191D4AB9F}.Release|Any CPU.Build.0 = Release|Any CPU
		{8DF88C85-594D-45D7-B12E-6B641D497853}.Debug|Any CPU.ActiveCfg = Debug|Any CPU
		{8DF88C85-594D-45D7-B12E-6B641D497853}.Debug|Any CPU.Build.0 = Debug|Any CPU
		{8DF88C85-594D-45D7-B12E-6B641D497853}.Production|Any CPU.ActiveCfg = Production|Any CPU
		{8DF88C85-594D-45D7-B12E-6B641D497853}.Production|Any CPU.Build.0 = Production|Any CPU
		{8DF88C85-594D-45D7-B12E-6B641D497853}.Release|Any CPU.ActiveCfg = Release|Any CPU
		{8DF88C85-594D-45D7-B12E-6B641D497853}.Release|Any CPU.Build.0 = Release|Any CPU
		{9EAA687B-951E-4D89-8857-99151FF1BCD7}.Debug|Any CPU.ActiveCfg = Debug|Any CPU
		{9EAA687B-951E-4D89-8857-99151FF1BCD7}.Debug|Any CPU.Build.0 = Debug|Any CPU
		{9EAA687B-951E-4D89-8857-99151FF1BCD7}.Production|Any CPU.ActiveCfg = Production|Any CPU
		{9EAA687B-951E-4D89-8857-99151FF1BCD7}.Production|Any CPU.Build.0 = Production|Any CPU
		{9EAA687B-951E-4D89-8857-99151FF1BCD7}.Release|Any CPU.ActiveCfg = Release|Any CPU
		{9EAA687B-951E-4D89-8857-99151FF1BCD7}.Release|Any CPU.Build.0 = Release|Any CPU
		{43DBBB02-CA43-42AD-BE21-04AC867BA168}.Debug|Any CPU.ActiveCfg = Debug|Any CPU
		{43DBBB02-CA43-42AD-BE21-04AC867BA168}.Debug|Any CPU.Deploy.0 = Debug|Any CPU
		{43DBBB02-CA43-42AD-BE21-04AC867BA168}.Production|Any CPU.ActiveCfg = Production|Any CPU
		{43DBBB02-CA43-42AD-BE21-04AC867BA168}.Production|Any CPU.Deploy.0 = Production|Any CPU
		{43DBBB02-CA43-42AD-BE21-04AC867BA168}.Release|Any CPU.ActiveCfg = Release|Any CPU
		{0BC12804-A858-427B-88E2-F9CDE9E97986}.Debug|Any CPU.ActiveCfg = Debug|Any CPU
		{0BC12804-A858-427B-88E2-F9CDE9E97986}.Debug|Any CPU.Build.0 = Debug|Any CPU
		{0BC12804-A858-427B-88E2-F9CDE9E97986}.Production|Any CPU.ActiveCfg = Production|Any CPU
		{0BC12804-A858-427B-88E2-F9CDE9E97986}.Production|Any CPU.Build.0 = Production|Any CPU
		{0BC12804-A858-427B-88E2-F9CDE9E97986}.Release|Any CPU.ActiveCfg = Release|Any CPU
		{0BC12804-A858-427B-88E2-F9CDE9E97986}.Release|Any CPU.Build.0 = Release|Any CPU
		{602768DD-F063-469D-9CD3-95CB02F6E441}.Debug|Any CPU.ActiveCfg = Debug|Any CPU
		{602768DD-F063-469D-9CD3-95CB02F6E441}.Debug|Any CPU.Build.0 = Debug|Any CPU
		{602768DD-F063-469D-9CD3-95CB02F6E441}.Production|Any CPU.ActiveCfg = Production|Any CPU
		{602768DD-F063-469D-9CD3-95CB02F6E441}.Production|Any CPU.Build.0 = Production|Any CPU
		{602768DD-F063-469D-9CD3-95CB02F6E441}.Release|Any CPU.ActiveCfg = Release|Any CPU
		{602768DD-F063-469D-9CD3-95CB02F6E441}.Release|Any CPU.Build.0 = Release|Any CPU
		{AC73F391-BC1F-4B7F-AF49-BD87223E2BB0}.Debug|Any CPU.ActiveCfg = Debug|Any CPU
		{AC73F391-BC1F-4B7F-AF49-BD87223E2BB0}.Debug|Any CPU.Build.0 = Debug|Any CPU
		{AC73F391-BC1F-4B7F-AF49-BD87223E2BB0}.Production|Any CPU.ActiveCfg = Production|Any CPU
		{AC73F391-BC1F-4B7F-AF49-BD87223E2BB0}.Production|Any CPU.Build.0 = Production|Any CPU
		{AC73F391-BC1F-4B7F-AF49-BD87223E2BB0}.Release|Any CPU.ActiveCfg = Release|Any CPU
		{AC73F391-BC1F-4B7F-AF49-BD87223E2BB0}.Release|Any CPU.Build.0 = Release|Any CPU
		{E13970C6-87EE-40B1-854A-3053C95BC4C9}.Debug|Any CPU.ActiveCfg = Debug|Any CPU
		{E13970C6-87EE-40B1-854A-3053C95BC4C9}.Debug|Any CPU.Build.0 = Debug|Any CPU
		{E13970C6-87EE-40B1-854A-3053C95BC4C9}.Production|Any CPU.ActiveCfg = Production|Any CPU
		{E13970C6-87EE-40B1-854A-3053C95BC4C9}.Production|Any CPU.Build.0 = Production|Any CPU
		{E13970C6-87EE-40B1-854A-3053C95BC4C9}.Release|Any CPU.ActiveCfg = Release|Any CPU
		{E13970C6-87EE-40B1-854A-3053C95BC4C9}.Release|Any CPU.Build.0 = Release|Any CPU
		{88081DDB-2FBD-4F7D-830F-24F5F6B78294}.Debug|Any CPU.ActiveCfg = Debug|Any CPU
		{88081DDB-2FBD-4F7D-830F-24F5F6B78294}.Debug|Any CPU.Build.0 = Debug|Any CPU
		{88081DDB-2FBD-4F7D-830F-24F5F6B78294}.Production|Any CPU.ActiveCfg = Production|Any CPU
		{88081DDB-2FBD-4F7D-830F-24F5F6B78294}.Production|Any CPU.Build.0 = Production|Any CPU
		{88081DDB-2FBD-4F7D-830F-24F5F6B78294}.Release|Any CPU.ActiveCfg = Release|Any CPU
		{88081DDB-2FBD-4F7D-830F-24F5F6B78294}.Release|Any CPU.Build.0 = Release|Any CPU
		{F2B164AC-99AC-4906-A133-85D6BB8432B4}.Debug|Any CPU.ActiveCfg = Debug|Any CPU
		{F2B164AC-99AC-4906-A133-85D6BB8432B4}.Debug|Any CPU.Build.0 = Debug|Any CPU
		{F2B164AC-99AC-4906-A133-85D6BB8432B4}.Production|Any CPU.ActiveCfg = Production|Any CPU
		{F2B164AC-99AC-4906-A133-85D6BB8432B4}.Production|Any CPU.Build.0 = Production|Any CPU
		{F2B164AC-99AC-4906-A133-85D6BB8432B4}.Release|Any CPU.ActiveCfg = Release|Any CPU
		{F2B164AC-99AC-4906-A133-85D6BB8432B4}.Release|Any CPU.Build.0 = Release|Any CPU
		{475AF987-1458-447E-8504-4F1040B56A2C}.Debug|Any CPU.ActiveCfg = Debug|Any CPU
		{475AF987-1458-447E-8504-4F1040B56A2C}.Debug|Any CPU.Build.0 = Debug|Any CPU
		{475AF987-1458-447E-8504-4F1040B56A2C}.Production|Any CPU.ActiveCfg = Production|Any CPU
		{475AF987-1458-447E-8504-4F1040B56A2C}.Production|Any CPU.Build.0 = Production|Any CPU
		{475AF987-1458-447E-8504-4F1040B56A2C}.Release|Any CPU.ActiveCfg = Release|Any CPU
		{475AF987-1458-447E-8504-4F1040B56A2C}.Release|Any CPU.Build.0 = Release|Any CPU
		{1885C71E-1624-4673-B0BC-BF4035CFFE72}.Debug|Any CPU.ActiveCfg = Debug|Any CPU
		{1885C71E-1624-4673-B0BC-BF4035CFFE72}.Debug|Any CPU.Build.0 = Debug|Any CPU
		{1885C71E-1624-4673-B0BC-BF4035CFFE72}.Production|Any CPU.ActiveCfg = Production|Any CPU
		{1885C71E-1624-4673-B0BC-BF4035CFFE72}.Production|Any CPU.Build.0 = Production|Any CPU
		{1885C71E-1624-4673-B0BC-BF4035CFFE72}.Release|Any CPU.ActiveCfg = Release|Any CPU
		{1885C71E-1624-4673-B0BC-BF4035CFFE72}.Release|Any CPU.Build.0 = Release|Any CPU
		{F8EE61DA-0E8B-4074-A0AF-433244EC1FB8}.Debug|Any CPU.ActiveCfg = Debug|Any CPU
		{F8EE61DA-0E8B-4074-A0AF-433244EC1FB8}.Debug|Any CPU.Build.0 = Debug|Any CPU
		{F8EE61DA-0E8B-4074-A0AF-433244EC1FB8}.Production|Any CPU.ActiveCfg = Production|Any CPU
		{F8EE61DA-0E8B-4074-A0AF-433244EC1FB8}.Production|Any CPU.Build.0 = Production|Any CPU
		{F8EE61DA-0E8B-4074-A0AF-433244EC1FB8}.Release|Any CPU.ActiveCfg = Release|Any CPU
		{F8EE61DA-0E8B-4074-A0AF-433244EC1FB8}.Release|Any CPU.Build.0 = Release|Any CPU
		{396A6C3F-74BA-4D85-8BF3-1182F9DE9D95}.Debug|Any CPU.ActiveCfg = Debug|Any CPU
		{396A6C3F-74BA-4D85-8BF3-1182F9DE9D95}.Debug|Any CPU.Build.0 = Debug|Any CPU
		{396A6C3F-74BA-4D85-8BF3-1182F9DE9D95}.Production|Any CPU.ActiveCfg = Production|Any CPU
		{396A6C3F-74BA-4D85-8BF3-1182F9DE9D95}.Production|Any CPU.Build.0 = Production|Any CPU
		{396A6C3F-74BA-4D85-8BF3-1182F9DE9D95}.Release|Any CPU.ActiveCfg = Release|Any CPU
		{396A6C3F-74BA-4D85-8BF3-1182F9DE9D95}.Release|Any CPU.Build.0 = Release|Any CPU
		{B448FDC3-5F85-47EE-9F4A-2654E8CC67E1}.Debug|Any CPU.ActiveCfg = Debug|Any CPU
		{B448FDC3-5F85-47EE-9F4A-2654E8CC67E1}.Debug|Any CPU.Build.0 = Debug|Any CPU
		{B448FDC3-5F85-47EE-9F4A-2654E8CC67E1}.Production|Any CPU.ActiveCfg = Production|Any CPU
		{B448FDC3-5F85-47EE-9F4A-2654E8CC67E1}.Production|Any CPU.Build.0 = Production|Any CPU
		{B448FDC3-5F85-47EE-9F4A-2654E8CC67E1}.Release|Any CPU.ActiveCfg = Release|Any CPU
		{B448FDC3-5F85-47EE-9F4A-2654E8CC67E1}.Release|Any CPU.Build.0 = Release|Any CPU
		{3D7FDF4A-6B8B-49CA-8E28-5B292DC0954F}.Debug|Any CPU.ActiveCfg = Debug|Any CPU
		{3D7FDF4A-6B8B-49CA-8E28-5B292DC0954F}.Debug|Any CPU.Build.0 = Debug|Any CPU
		{3D7FDF4A-6B8B-49CA-8E28-5B292DC0954F}.Production|Any CPU.ActiveCfg = Production|Any CPU
		{3D7FDF4A-6B8B-49CA-8E28-5B292DC0954F}.Production|Any CPU.Build.0 = Production|Any CPU
		{3D7FDF4A-6B8B-49CA-8E28-5B292DC0954F}.Release|Any CPU.ActiveCfg = Release|Any CPU
		{3D7FDF4A-6B8B-49CA-8E28-5B292DC0954F}.Release|Any CPU.Build.0 = Release|Any CPU
		{586DB9FA-CBBF-4867-A57D-E2359925D09A}.Debug|Any CPU.ActiveCfg = Debug|Any CPU
		{586DB9FA-CBBF-4867-A57D-E2359925D09A}.Debug|Any CPU.Build.0 = Debug|Any CPU
		{586DB9FA-CBBF-4867-A57D-E2359925D09A}.Production|Any CPU.ActiveCfg = Production|Any CPU
		{586DB9FA-CBBF-4867-A57D-E2359925D09A}.Production|Any CPU.Build.0 = Production|Any CPU
		{586DB9FA-CBBF-4867-A57D-E2359925D09A}.Release|Any CPU.ActiveCfg = Release|Any CPU
		{586DB9FA-CBBF-4867-A57D-E2359925D09A}.Release|Any CPU.Build.0 = Release|Any CPU
		{785E93F2-3415-4215-BD85-1CED429CF260}.Debug|Any CPU.ActiveCfg = Debug|Any CPU
		{785E93F2-3415-4215-BD85-1CED429CF260}.Debug|Any CPU.Build.0 = Debug|Any CPU
		{785E93F2-3415-4215-BD85-1CED429CF260}.Production|Any CPU.ActiveCfg = Production|Any CPU
		{785E93F2-3415-4215-BD85-1CED429CF260}.Production|Any CPU.Build.0 = Production|Any CPU
		{785E93F2-3415-4215-BD85-1CED429CF260}.Release|Any CPU.ActiveCfg = Release|Any CPU
		{785E93F2-3415-4215-BD85-1CED429CF260}.Release|Any CPU.Build.0 = Release|Any CPU
		{32915CF6-62D9-4121-8650-6279D5154B4B}.Debug|Any CPU.ActiveCfg = Debug|Any CPU
		{32915CF6-62D9-4121-8650-6279D5154B4B}.Debug|Any CPU.Build.0 = Debug|Any CPU
		{32915CF6-62D9-4121-8650-6279D5154B4B}.Production|Any CPU.ActiveCfg = Production|Any CPU
		{32915CF6-62D9-4121-8650-6279D5154B4B}.Production|Any CPU.Build.0 = Production|Any CPU
		{32915CF6-62D9-4121-8650-6279D5154B4B}.Release|Any CPU.ActiveCfg = Release|Any CPU
		{32915CF6-62D9-4121-8650-6279D5154B4B}.Release|Any CPU.Build.0 = Release|Any CPU
		{8CCB9013-92CE-4A26-B649-0997F5444161}.Debug|Any CPU.ActiveCfg = Debug|Any CPU
		{8CCB9013-92CE-4A26-B649-0997F5444161}.Debug|Any CPU.Build.0 = Debug|Any CPU
		{8CCB9013-92CE-4A26-B649-0997F5444161}.Production|Any CPU.ActiveCfg = Production|Any CPU
		{8CCB9013-92CE-4A26-B649-0997F5444161}.Production|Any CPU.Build.0 = Production|Any CPU
		{8CCB9013-92CE-4A26-B649-0997F5444161}.Release|Any CPU.ActiveCfg = Release|Any CPU
		{8CCB9013-92CE-4A26-B649-0997F5444161}.Release|Any CPU.Build.0 = Release|Any CPU
		{9189FC86-116F-49D4-900E-DEC434136C6D}.Debug|Any CPU.ActiveCfg = Debug|Any CPU
		{9189FC86-116F-49D4-900E-DEC434136C6D}.Debug|Any CPU.Build.0 = Debug|Any CPU
		{9189FC86-116F-49D4-900E-DEC434136C6D}.Production|Any CPU.ActiveCfg = Production|Any CPU
		{9189FC86-116F-49D4-900E-DEC434136C6D}.Production|Any CPU.Build.0 = Production|Any CPU
		{9189FC86-116F-49D4-900E-DEC434136C6D}.Release|Any CPU.ActiveCfg = Release|Any CPU
		{9189FC86-116F-49D4-900E-DEC434136C6D}.Release|Any CPU.Build.0 = Release|Any CPU
		{866A329C-E942-46D1-AF37-BB617F7F4AC2}.Debug|Any CPU.ActiveCfg = Debug|Any CPU
		{866A329C-E942-46D1-AF37-BB617F7F4AC2}.Production|Any CPU.ActiveCfg = Release|Any CPU
		{866A329C-E942-46D1-AF37-BB617F7F4AC2}.Release|Any CPU.ActiveCfg = Release|Any CPU
		{165E76B9-DB0C-49B7-B3DC-52DFBEA55A79}.Debug|Any CPU.ActiveCfg = Debug|Any CPU
		{165E76B9-DB0C-49B7-B3DC-52DFBEA55A79}.Debug|Any CPU.Build.0 = Debug|Any CPU
		{165E76B9-DB0C-49B7-B3DC-52DFBEA55A79}.Production|Any CPU.ActiveCfg = Debug|Any CPU
		{165E76B9-DB0C-49B7-B3DC-52DFBEA55A79}.Production|Any CPU.Build.0 = Debug|Any CPU
		{165E76B9-DB0C-49B7-B3DC-52DFBEA55A79}.Release|Any CPU.ActiveCfg = Release|Any CPU
		{165E76B9-DB0C-49B7-B3DC-52DFBEA55A79}.Release|Any CPU.Build.0 = Release|Any CPU
		{1853847F-9988-43A1-B3E1-DDBE4B2F3365}.Debug|Any CPU.ActiveCfg = Debug|Any CPU
		{1853847F-9988-43A1-B3E1-DDBE4B2F3365}.Debug|Any CPU.Build.0 = Debug|Any CPU
		{1853847F-9988-43A1-B3E1-DDBE4B2F3365}.Production|Any CPU.ActiveCfg = Debug|Any CPU
		{1853847F-9988-43A1-B3E1-DDBE4B2F3365}.Production|Any CPU.Build.0 = Debug|Any CPU
		{1853847F-9988-43A1-B3E1-DDBE4B2F3365}.Release|Any CPU.ActiveCfg = Release|Any CPU
		{1853847F-9988-43A1-B3E1-DDBE4B2F3365}.Release|Any CPU.Build.0 = Release|Any CPU
		{3D5E4893-E48A-4553-B036-724A8F809656}.Debug|Any CPU.ActiveCfg = Debug|Any CPU
		{3D5E4893-E48A-4553-B036-724A8F809656}.Debug|Any CPU.Build.0 = Debug|Any CPU
		{3D5E4893-E48A-4553-B036-724A8F809656}.Production|Any CPU.ActiveCfg = Production|Any CPU
		{3D5E4893-E48A-4553-B036-724A8F809656}.Production|Any CPU.Build.0 = Production|Any CPU
		{3D5E4893-E48A-4553-B036-724A8F809656}.Release|Any CPU.ActiveCfg = Release|Any CPU
		{3D5E4893-E48A-4553-B036-724A8F809656}.Release|Any CPU.Build.0 = Release|Any CPU
		{98CE491C-8A52-4FC9-87BD-36FE63CB37E6}.Debug|Any CPU.ActiveCfg = Debug|Any CPU
		{98CE491C-8A52-4FC9-87BD-36FE63CB37E6}.Debug|Any CPU.Build.0 = Debug|Any CPU
		{98CE491C-8A52-4FC9-87BD-36FE63CB37E6}.Production|Any CPU.ActiveCfg = Production|Any CPU
		{98CE491C-8A52-4FC9-87BD-36FE63CB37E6}.Production|Any CPU.Build.0 = Production|Any CPU
		{98CE491C-8A52-4FC9-87BD-36FE63CB37E6}.Release|Any CPU.ActiveCfg = Release|Any CPU
		{98CE491C-8A52-4FC9-87BD-36FE63CB37E6}.Release|Any CPU.Build.0 = Release|Any CPU
		{5F24D649-5684-458E-8C67-CCEC85E271A0}.Debug|Any CPU.ActiveCfg = Debug|Any CPU
		{5F24D649-5684-458E-8C67-CCEC85E271A0}.Debug|Any CPU.Build.0 = Debug|Any CPU
		{5F24D649-5684-458E-8C67-CCEC85E271A0}.Production|Any CPU.ActiveCfg = Production|Any CPU
		{5F24D649-5684-458E-8C67-CCEC85E271A0}.Production|Any CPU.Build.0 = Production|Any CPU
		{5F24D649-5684-458E-8C67-CCEC85E271A0}.Release|Any CPU.ActiveCfg = Release|Any CPU
		{5F24D649-5684-458E-8C67-CCEC85E271A0}.Release|Any CPU.Build.0 = Release|Any CPU
		{96639493-5D2D-4F61-B399-600673D6912D}.Debug|Any CPU.ActiveCfg = Debug|Any CPU
		{96639493-5D2D-4F61-B399-600673D6912D}.Debug|Any CPU.Build.0 = Debug|Any CPU
		{96639493-5D2D-4F61-B399-600673D6912D}.Production|Any CPU.ActiveCfg = Production|Any CPU
		{96639493-5D2D-4F61-B399-600673D6912D}.Production|Any CPU.Build.0 = Production|Any CPU
		{96639493-5D2D-4F61-B399-600673D6912D}.Release|Any CPU.ActiveCfg = Release|Any CPU
		{96639493-5D2D-4F61-B399-600673D6912D}.Release|Any CPU.Build.0 = Release|Any CPU
		{9AB969B5-4215-4ACF-8D48-EC0A6F35BC46}.Debug|Any CPU.ActiveCfg = Debug|Any CPU
		{9AB969B5-4215-4ACF-8D48-EC0A6F35BC46}.Debug|Any CPU.Build.0 = Debug|Any CPU
		{9AB969B5-4215-4ACF-8D48-EC0A6F35BC46}.Production|Any CPU.ActiveCfg = Production|Any CPU
		{9AB969B5-4215-4ACF-8D48-EC0A6F35BC46}.Production|Any CPU.Build.0 = Production|Any CPU
		{9AB969B5-4215-4ACF-8D48-EC0A6F35BC46}.Release|Any CPU.ActiveCfg = Release|Any CPU
		{9AB969B5-4215-4ACF-8D48-EC0A6F35BC46}.Release|Any CPU.Build.0 = Release|Any CPU
		{0535D1F2-FA8B-4093-9987-7533F8D07605}.Debug|Any CPU.ActiveCfg = Debug|Any CPU
		{0535D1F2-FA8B-4093-9987-7533F8D07605}.Debug|Any CPU.Build.0 = Debug|Any CPU
		{0535D1F2-FA8B-4093-9987-7533F8D07605}.Production|Any CPU.ActiveCfg = Production|Any CPU
		{0535D1F2-FA8B-4093-9987-7533F8D07605}.Production|Any CPU.Build.0 = Production|Any CPU
		{0535D1F2-FA8B-4093-9987-7533F8D07605}.Release|Any CPU.ActiveCfg = Release|Any CPU
		{0535D1F2-FA8B-4093-9987-7533F8D07605}.Release|Any CPU.Build.0 = Release|Any CPU
		{2E71D2B2-516D-4B0D-8DE6-B9F3105B9C95}.Debug|Any CPU.ActiveCfg = Debug|Any CPU
		{2E71D2B2-516D-4B0D-8DE6-B9F3105B9C95}.Debug|Any CPU.Build.0 = Debug|Any CPU
		{2E71D2B2-516D-4B0D-8DE6-B9F3105B9C95}.Production|Any CPU.ActiveCfg = Production|Any CPU
		{2E71D2B2-516D-4B0D-8DE6-B9F3105B9C95}.Production|Any CPU.Build.0 = Production|Any CPU
		{2E71D2B2-516D-4B0D-8DE6-B9F3105B9C95}.Release|Any CPU.ActiveCfg = Release|Any CPU
		{2E71D2B2-516D-4B0D-8DE6-B9F3105B9C95}.Release|Any CPU.Build.0 = Release|Any CPU
	EndGlobalSection
	GlobalSection(SolutionProperties) = preSolution
		HideSolutionNode = FALSE
	EndGlobalSection
	GlobalSection(NestedProjects) = preSolution
		{49D08B64-AC8E-4607-820F-8A0B989CFD33} = {BC9DDFD1-FB81-4996-812A-68BEBCA33A97}
		{9CD43CAC-C149-41E1-9654-157D578143B7} = {BCE1EE3C-ADB1-48CC-9FD1-C7324D886964}
		{AE6D0618-60E1-40B2-A46F-664A19C9503C} = {BCE1EE3C-ADB1-48CC-9FD1-C7324D886964}
		{F34C6504-590B-480A-A239-F230CDFF8CED} = {AE6D0618-60E1-40B2-A46F-664A19C9503C}
		{5C2C1630-8A7A-451F-81A8-8547C939F5FD} = {9CD43CAC-C149-41E1-9654-157D578143B7}
		{F71CFDA8-0770-4761-896A-FB0098113F87} = {9CD43CAC-C149-41E1-9654-157D578143B7}
		{93F3D023-37BD-4C5C-9442-DE2631CD4954} = {9CD43CAC-C149-41E1-9654-157D578143B7}
		{CA91F71E-8067-4E98-A4D4-E17F5880DE39} = {E91D4BE3-61FE-441C-A227-29850D414216}
		{2EEAFD26-A0A9-4F91-BEB7-B0F8ED85ACBA} = {E91D4BE3-61FE-441C-A227-29850D414216}
		{5F398170-87FD-4368-9930-FAAAD2D9FDCC} = {BCE1EE3C-ADB1-48CC-9FD1-C7324D886964}
		{590517F8-686B-460A-97B3-0A09A8BA443C} = {5F398170-87FD-4368-9930-FAAAD2D9FDCC}
		{6F039231-8745-4171-B5CA-8688E4683CFC} = {5F398170-87FD-4368-9930-FAAAD2D9FDCC}
		{CD765A37-EB16-4E35-AA03-6E706D70E8A0} = {5F398170-87FD-4368-9930-FAAAD2D9FDCC}
		{3ED61776-83A0-426C-9B3A-3AB755DA01EF} = {9CD43CAC-C149-41E1-9654-157D578143B7}
		{396817BD-94A7-4559-A7F1-2FAB8009BCF8} = {5F398170-87FD-4368-9930-FAAAD2D9FDCC}
		{55E1C531-2B9B-49B1-BDFE-9DE322E7FE00} = {AE6D0618-60E1-40B2-A46F-664A19C9503C}
		{F364B0C4-1882-46A1-9B08-22587BEF05A2} = {AE6D0618-60E1-40B2-A46F-664A19C9503C}
		{0C31EA31-6A10-47D0-82E5-6D224E1CE532} = {AE6D0618-60E1-40B2-A46F-664A19C9503C}
		{13E4D721-2E96-497E-9657-503D09468F9F} = {BCE1EE3C-ADB1-48CC-9FD1-C7324D886964}
		{6E013582-9E44-4D7E-8CFE-5F6FB6757B03} = {13E4D721-2E96-497E-9657-503D09468F9F}
		{C457929B-91BE-48CC-A714-217D9CABD3CC} = {13E4D721-2E96-497E-9657-503D09468F9F}
		{1F4EAF3D-F5B8-473B-871F-606191D4AB9F} = {13E4D721-2E96-497E-9657-503D09468F9F}
		{8DF88C85-594D-45D7-B12E-6B641D497853} = {13E4D721-2E96-497E-9657-503D09468F9F}
		{9EAA687B-951E-4D89-8857-99151FF1BCD7} = {E91D4BE3-61FE-441C-A227-29850D414216}
		{43DBBB02-CA43-42AD-BE21-04AC867BA168} = {C733D087-7051-4E35-BCDB-081252A108E5}
		{0FF699EF-8156-43CB-8D18-8EA28F30E9EE} = {AE6D0618-60E1-40B2-A46F-664A19C9503C}
		{0BC12804-A858-427B-88E2-F9CDE9E97986} = {0FF699EF-8156-43CB-8D18-8EA28F30E9EE}
		{53E4F002-E708-45F7-8444-19EB8977B5C9} = {13E4D721-2E96-497E-9657-503D09468F9F}
		{602768DD-F063-469D-9CD3-95CB02F6E441} = {53E4F002-E708-45F7-8444-19EB8977B5C9}
		{F544D6DA-740A-4313-9542-D989666EA9DE} = {5F398170-87FD-4368-9930-FAAAD2D9FDCC}
		{AC73F391-BC1F-4B7F-AF49-BD87223E2BB0} = {F544D6DA-740A-4313-9542-D989666EA9DE}
		{237A249C-B589-49B8-9B84-CA504DE5D137} = {9CD43CAC-C149-41E1-9654-157D578143B7}
		{E13970C6-87EE-40B1-854A-3053C95BC4C9} = {237A249C-B589-49B8-9B84-CA504DE5D137}
		{88081DDB-2FBD-4F7D-830F-24F5F6B78294} = {8B08A9EE-CE27-4CC3-ACB3-3BD9628E5479}
		{F2B164AC-99AC-4906-A133-85D6BB8432B4} = {F544D6DA-740A-4313-9542-D989666EA9DE}
		{475AF987-1458-447E-8504-4F1040B56A2C} = {237A249C-B589-49B8-9B84-CA504DE5D137}
		{1885C71E-1624-4673-B0BC-BF4035CFFE72} = {53E4F002-E708-45F7-8444-19EB8977B5C9}
		{F8EE61DA-0E8B-4074-A0AF-433244EC1FB8} = {0FF699EF-8156-43CB-8D18-8EA28F30E9EE}
		{396A6C3F-74BA-4D85-8BF3-1182F9DE9D95} = {0FF699EF-8156-43CB-8D18-8EA28F30E9EE}
		{B448FDC3-5F85-47EE-9F4A-2654E8CC67E1} = {53E4F002-E708-45F7-8444-19EB8977B5C9}
		{3D7FDF4A-6B8B-49CA-8E28-5B292DC0954F} = {F544D6DA-740A-4313-9542-D989666EA9DE}
		{586DB9FA-CBBF-4867-A57D-E2359925D09A} = {8B08A9EE-CE27-4CC3-ACB3-3BD9628E5479}
		{785E93F2-3415-4215-BD85-1CED429CF260} = {237A249C-B589-49B8-9B84-CA504DE5D137}
		{B1D398A1-7005-4792-8D7F-CD9E5F3C29B7} = {E91D4BE3-61FE-441C-A227-29850D414216}
		{32915CF6-62D9-4121-8650-6279D5154B4B} = {B1D398A1-7005-4792-8D7F-CD9E5F3C29B7}
		{8CCB9013-92CE-4A26-B649-0997F5444161} = {B1D398A1-7005-4792-8D7F-CD9E5F3C29B7}
		{9189FC86-116F-49D4-900E-DEC434136C6D} = {C733D087-7051-4E35-BCDB-081252A108E5}
		{165E76B9-DB0C-49B7-B3DC-52DFBEA55A79} = {C733D087-7051-4E35-BCDB-081252A108E5}
		{00B904C6-D29A-4F26-B7AD-116C701DB73F} = {BC9DDFD1-FB81-4996-812A-68BEBCA33A97}
		{1853847F-9988-43A1-B3E1-DDBE4B2F3365} = {8B08A9EE-CE27-4CC3-ACB3-3BD9628E5479}
		{8F0598A5-2F0C-4FA6-82F6-938F1830ADB7} = {BCE1EE3C-ADB1-48CC-9FD1-C7324D886964}
		{3D5E4893-E48A-4553-B036-724A8F809656} = {8F0598A5-2F0C-4FA6-82F6-938F1830ADB7}
		{98CE491C-8A52-4FC9-87BD-36FE63CB37E6} = {8F0598A5-2F0C-4FA6-82F6-938F1830ADB7}
		{5F24D649-5684-458E-8C67-CCEC85E271A0} = {8F0598A5-2F0C-4FA6-82F6-938F1830ADB7}
		{646E463D-F0E2-4BA4-9B5E-434ABE26EC07} = {8F0598A5-2F0C-4FA6-82F6-938F1830ADB7}
		{96639493-5D2D-4F61-B399-600673D6912D} = {646E463D-F0E2-4BA4-9B5E-434ABE26EC07}
		{9AB969B5-4215-4ACF-8D48-EC0A6F35BC46} = {646E463D-F0E2-4BA4-9B5E-434ABE26EC07}
		{0535D1F2-FA8B-4093-9987-7533F8D07605} = {646E463D-F0E2-4BA4-9B5E-434ABE26EC07}
		{2E71D2B2-516D-4B0D-8DE6-B9F3105B9C95} = {8F0598A5-2F0C-4FA6-82F6-938F1830ADB7}
	EndGlobalSection
	GlobalSection(ExtensibilityGlobals) = postSolution
		SolutionGuid = {6B94C21A-AA6D-4D82-963E-C69C0353B938}
	EndGlobalSection
EndGlobal
